
Microsoft Visual Studio Solution File, Format Version 12.00
Project("{FAE04EC0-301F-11D3-BF4B-00C04F79EFBC}") = "Domain", "src\Domain\Domain.csproj", "{02411DEE-F41A-48DA-AAF6-6438947051D8}"
EndProject
Project("{2150E333-8FDC-42A3-9474-1A3956D46DE8}") = "src", "src", "{B0568591-DCA7-49C6-B745-C821E2559A4D}"
EndProject
Project("{FAE04EC0-301F-11D3-BF4B-00C04F79EFBC}") = "Application", "src\Application\Application.csproj", "{42A70A03-6F30-47AE-BAA9-E73C229BBDB4}"
EndProject
Project("{FAE04EC0-301F-11D3-BF4B-00C04F79EFBC}") = "Infrastructure", "src\Infrastructure\Infrastructure.csproj", "{493D80EA-8B99-405D-AE11-6CCFCFBB07B8}"
EndProject
Project("{FAE04EC0-301F-11D3-BF4B-00C04F79EFBC}") = "Api", "src\Api\Api.csproj", "{30D7BA4B-3D68-4334-9B03-5343260A6A33}"
EndProject
Global
	GlobalSection(SolutionConfigurationPlatforms) = preSolution
		Debug|Any CPU = Debug|Any CPU
		Release|Any CPU = Release|Any CPU
	EndGlobalSection
	GlobalSection(ProjectConfigurationPlatforms) = postSolution
		{02411DEE-F41A-48DA-AAF6-6438947051D8}.Debug|Any CPU.ActiveCfg = Debug|Any CPU
		{02411DEE-F41A-48DA-AAF6-6438947051D8}.Debug|Any CPU.Build.0 = Debug|Any CPU
		{02411DEE-F41A-48DA-AAF6-6438947051D8}.Release|Any CPU.ActiveCfg = Release|Any CPU
		{02411DEE-F41A-48DA-AAF6-6438947051D8}.Release|Any CPU.Build.0 = Release|Any CPU
		{42A70A03-6F30-47AE-BAA9-E73C229BBDB4}.Debug|Any CPU.ActiveCfg = Debug|Any CPU
		{42A70A03-6F30-47AE-BAA9-E73C229BBDB4}.Debug|Any CPU.Build.0 = Debug|Any CPU
		{42A70A03-6F30-47AE-BAA9-E73C229BBDB4}.Release|Any CPU.ActiveCfg = Release|Any CPU
		{42A70A03-6F30-47AE-BAA9-E73C229BBDB4}.Release|Any CPU.Build.0 = Release|Any CPU
		{493D80EA-8B99-405D-AE11-6CCFCFBB07B8}.Debug|Any CPU.ActiveCfg = Debug|Any CPU
		{493D80EA-8B99-405D-AE11-6CCFCFBB07B8}.Debug|Any CPU.Build.0 = Debug|Any CPU
		{493D80EA-8B99-405D-AE11-6CCFCFBB07B8}.Release|Any CPU.ActiveCfg = Release|Any CPU
		{493D80EA-8B99-405D-AE11-6CCFCFBB07B8}.Release|Any CPU.Build.0 = Release|Any CPU
		{30D7BA4B-3D68-4334-9B03-5343260A6A33}.Debug|Any CPU.ActiveCfg = Debug|Any CPU
		{30D7BA4B-3D68-4334-9B03-5343260A6A33}.Debug|Any CPU.Build.0 = Debug|Any CPU
		{30D7BA4B-3D68-4334-9B03-5343260A6A33}.Release|Any CPU.ActiveCfg = Release|Any CPU
		{30D7BA4B-3D68-4334-9B03-5343260A6A33}.Release|Any CPU.Build.0 = Release|Any CPU
	EndGlobalSection
	GlobalSection(NestedProjects) = preSolution
		{02411DEE-F41A-48DA-AAF6-6438947051D8} = {B0568591-DCA7-49C6-B745-C821E2559A4D}
		{42A70A03-6F30-47AE-BAA9-E73C229BBDB4} = {B0568591-DCA7-49C6-B745-C821E2559A4D}
		{493D80EA-8B99-405D-AE11-6CCFCFBB07B8} = {B0568591-DCA7-49C6-B745-C821E2559A4D}
		{30D7BA4B-3D68-4334-9B03-5343260A6A33} = {B0568591-DCA7-49C6-B745-C821E2559A4D}
	EndGlobalSection
EndGlobal
